
Microsoft Visual Studio Solution File, Format Version 12.00
# Visual Studio Version 17
VisualStudioVersion = 17.3.32901.215
MinimumVisualStudioVersion = 10.0.40219.1
Project("{FAE04EC0-301F-11D3-BF4B-00C04F79EFBC}") = "ConsoleApp", "ConsoleApp\ConsoleApp.csproj", "{C08A7BE6-02BA-4C2D-8A88-B3ABF10F8309}"
EndProject
Project("{FAE04EC0-301F-11D3-BF4B-00C04F79EFBC}") = "MathLibrary", "MathLibrary\MathLibrary.csproj", "{BE04C77B-8EF7-4DB6-B663-A87D6B34E327}"
EndProject
Global
	GlobalSection(SolutionConfigurationPlatforms) = preSolution
		Debug|Any CPU = Debug|Any CPU
		Release|Any CPU = Release|Any CPU
	EndGlobalSection
	GlobalSection(ProjectConfigurationPlatforms) = postSolution
		{C08A7BE6-02BA-4C2D-8A88-B3ABF10F8309}.Debug|Any CPU.ActiveCfg = Debug|Any CPU
		{C08A7BE6-02BA-4C2D-8A88-B3ABF10F8309}.Debug|Any CPU.Build.0 = Debug|Any CPU
		{C08A7BE6-02BA-4C2D-8A88-B3ABF10F8309}.Release|Any CPU.ActiveCfg = Release|Any CPU
		{C08A7BE6-02BA-4C2D-8A88-B3ABF10F8309}.Release|Any CPU.Build.0 = Release|Any CPU
		{BE04C77B-8EF7-4DB6-B663-A87D6B34E327}.Debug|Any CPU.ActiveCfg = Debug|Any CPU
		{BE04C77B-8EF7-4DB6-B663-A87D6B34E327}.Debug|Any CPU.Build.0 = Debug|Any CPU
		{BE04C77B-8EF7-4DB6-B663-A87D6B34E327}.Release|Any CPU.ActiveCfg = Release|Any CPU
		{BE04C77B-8EF7-4DB6-B663-A87D6B34E327}.Release|Any CPU.Build.0 = Release|Any CPU
	EndGlobalSection
	GlobalSection(SolutionProperties) = preSolution
		HideSolutionNode = FALSE
	EndGlobalSection
	GlobalSection(ExtensibilityGlobals) = postSolution
		SolutionGuid = {4565AEEA-C895-4000-A76B-2D7DEE112457}
	EndGlobalSection
EndGlobal
